
Microsoft Visual Studio Solution File, Format Version 12.00
# Visual Studio 15
Project("{FAE04EC0-301F-11D3-BF4B-00C04F79EFBC}") = "UnityEngine.UI", "UnityEngine.UI.csproj", "{B4FC2E1A-54A1-5310-2BE4-B8BB78BADAAC}"
EndProject
Project("{FAE04EC0-301F-11D3-BF4B-00C04F79EFBC}") = "Assembly-CSharp", "Assembly-CSharp.csproj", "{501BD3FF-7F48-2366-810A-1677FF50E37F}"
EndProject
Project("{FAE04EC0-301F-11D3-BF4B-00C04F79EFBC}") = "UnityEditor.UI", "UnityEditor.UI.csproj", "{55784C23-CB47-B3E0-05D4-4C9703DF064D}"
EndProject
Project("{FAE04EC0-301F-11D3-BF4B-00C04F79EFBC}") = "Unity.2D.Sprite.Editor", "Unity.2D.Sprite.Editor.csproj", "{6D153E34-3E91-A276-31A9-DD22AF1BF6D3}"
EndProject
Project("{FAE04EC0-301F-11D3-BF4B-00C04F79EFBC}") = "Unity.2D.Tilemap.Editor", "Unity.2D.Tilemap.Editor.csproj", "{FBCA3127-0FA0-DB28-EBB7-D835041D6210}"
EndProject
Project("{FAE04EC0-301F-11D3-BF4B-00C04F79EFBC}") = "UnityEngine.UI", "UnityEngine.UI.Player.csproj", "{04C400F1-BBC7-B304-7AFD-D6D6F80FB1C6}"
EndProject
Project("{FAE04EC0-301F-11D3-BF4B-00C04F79EFBC}") = "Assembly-CSharp", "Assembly-CSharp.Player.csproj", "{87B51836-A89E-D283-F1F3-DA613C1933A4}"
EndProject
Global
	GlobalSection(SolutionConfigurationPlatforms) = preSolution
		Debug|Any CPU = Debug|Any CPU
		Release|Any CPU = Release|Any CPU
	EndGlobalSection
	GlobalSection(ProjectConfigurationPlatforms) = postSolution
		{B4FC2E1A-54A1-5310-2BE4-B8BB78BADAAC}.Debug|Any CPU.ActiveCfg = Debug|Any CPU
		{B4FC2E1A-54A1-5310-2BE4-B8BB78BADAAC}.Debug|Any CPU.Build.0 = Debug|Any CPU
		{B4FC2E1A-54A1-5310-2BE4-B8BB78BADAAC}.Release|Any CPU.ActiveCfg = Release|Any CPU
		{B4FC2E1A-54A1-5310-2BE4-B8BB78BADAAC}.Release|Any CPU.Build.0 = Release|Any CPU
		{501BD3FF-7F48-2366-810A-1677FF50E37F}.Debug|Any CPU.ActiveCfg = Debug|Any CPU
		{501BD3FF-7F48-2366-810A-1677FF50E37F}.Debug|Any CPU.Build.0 = Debug|Any CPU
		{501BD3FF-7F48-2366-810A-1677FF50E37F}.Release|Any CPU.ActiveCfg = Release|Any CPU
		{501BD3FF-7F48-2366-810A-1677FF50E37F}.Release|Any CPU.Build.0 = Release|Any CPU
		{55784C23-CB47-B3E0-05D4-4C9703DF064D}.Debug|Any CPU.ActiveCfg = Debug|Any CPU
		{55784C23-CB47-B3E0-05D4-4C9703DF064D}.Debug|Any CPU.Build.0 = Debug|Any CPU
		{55784C23-CB47-B3E0-05D4-4C9703DF064D}.Release|Any CPU.ActiveCfg = Release|Any CPU
		{55784C23-CB47-B3E0-05D4-4C9703DF064D}.Release|Any CPU.Build.0 = Release|Any CPU
		{6D153E34-3E91-A276-31A9-DD22AF1BF6D3}.Debug|Any CPU.ActiveCfg = Debug|Any CPU
		{6D153E34-3E91-A276-31A9-DD22AF1BF6D3}.Debug|Any CPU.Build.0 = Debug|Any CPU
		{6D153E34-3E91-A276-31A9-DD22AF1BF6D3}.Release|Any CPU.ActiveCfg = Release|Any CPU
		{6D153E34-3E91-A276-31A9-DD22AF1BF6D3}.Release|Any CPU.Build.0 = Release|Any CPU
		{FBCA3127-0FA0-DB28-EBB7-D835041D6210}.Debug|Any CPU.ActiveCfg = Debug|Any CPU
		{FBCA3127-0FA0-DB28-EBB7-D835041D6210}.Debug|Any CPU.Build.0 = Debug|Any CPU
		{FBCA3127-0FA0-DB28-EBB7-D835041D6210}.Release|Any CPU.ActiveCfg = Release|Any CPU
		{FBCA3127-0FA0-DB28-EBB7-D835041D6210}.Release|Any CPU.Build.0 = Release|Any CPU
		{04C400F1-BBC7-B304-7AFD-D6D6F80FB1C6}.Debug|Any CPU.ActiveCfg = Debug|Any CPU
		{04C400F1-BBC7-B304-7AFD-D6D6F80FB1C6}.Debug|Any CPU.Build.0 = Debug|Any CPU
		{04C400F1-BBC7-B304-7AFD-D6D6F80FB1C6}.Release|Any CPU.ActiveCfg = Release|Any CPU
		{04C400F1-BBC7-B304-7AFD-D6D6F80FB1C6}.Release|Any CPU.Build.0 = Release|Any CPU
		{87B51836-A89E-D283-F1F3-DA613C1933A4}.Debug|Any CPU.ActiveCfg = Debug|Any CPU
		{87B51836-A89E-D283-F1F3-DA613C1933A4}.Debug|Any CPU.Build.0 = Debug|Any CPU
		{87B51836-A89E-D283-F1F3-DA613C1933A4}.Release|Any CPU.ActiveCfg = Release|Any CPU
		{87B51836-A89E-D283-F1F3-DA613C1933A4}.Release|Any CPU.Build.0 = Release|Any CPU
	EndGlobalSection
	GlobalSection(SolutionProperties) = preSolution
		HideSolutionNode = FALSE
	EndGlobalSection
EndGlobal
